{"version":4,"terraform_version":"1.11.2","serial":8,"lineage":"57225a48-d960-c83d-47b8-d1de9d079d72","outputs":{},"resources":[{"mode":"data","type":"conveyor_environment","name":"dev3","provider":"provider[\"registry.opentofu.org/datamindedbe/conveyor\"]","instances":[{"schema_version":0,"attributes":{"id":"4bcbe532-3b80-44b2-9469-5f8325526be8","name":"dev3"},"sensitive_attributes":[]}]},{"mode":"managed","type":"conveyor_ide_base_image","name":"my_image","provider":"provider[\"registry.opentofu.org/datamindedbe/conveyor\"]","instances":[{"schema_version":0,"attributes":{"config":{"build_steps":[{"cmd":"echo 'export SPARK_HOME=/opt/spark' \u003e\u003e ~/.bashrc\nsudo apt-get update \u0026\u0026 sudo apt-get install -y --no-install-recommends gcc g++ software-properties-common openjdk-11-jre unzip curl\nJAVA_PATH=$(sudo update-alternatives --list java | sed -e \"s/\\/bin\\/java//\")\necho \"export JAVA_HOME=$JAVA_PATH\" \u003e\u003e ~/.bashrc\n","name":"install openjdk"},{"cmd":"curl -X GET https://static.conveyordata.com/spark/spark-3.5.1-hadoop-3.3.6-v1.zip -o spark.zip \\\n  \u0026\u0026 sudo unzip ./spark.zip -d /opt \\\n  \u0026\u0026 rm ./spark.zip \u0026\u0026 sudo chmod -R 777 /opt/spark\necho 'source /opt/spark/sbin/spark-config.sh' \u003e\u003e ~/.bashrc\n","name":"add spark libraries with conveyor specific patches and add them to the python environment"},{"cmd":"mkdir -p /opt/spark/conf\ncat \u003c\u003c-EOT \u003e /opt/spark/conf/spark-defaults.conf\nspark.hadoop.fs.s3.impl                             org.apache.hadoop.fs.s3a.S3AFileSystem\nspark.hadoop.fs.s3a.aws.credentials.provider        com.amazonaws.auth.DefaultAWSCredentialsProviderChain\nspark.kubernetes.pyspark.pythonVersion              3\nspark.hadoop.hive.metastore.client.factory.class    com.amazonaws.glue.catalog.metastore.AWSGlueDataCatalogHiveClientFactory\nspark.hadoop.hive.imetastoreclient.factory.class    com.amazonaws.glue.catalog.metastore.AWSGlueDataCatalogHiveClientFactory\nspark.eventLog.enabled                              false\nEOT\n","name":"set default spark configuration for aws"}],"vscode_config":null},"description":"My custom pyspark base image","iam_identity":"","id":"6108bc5f-aa91-4bcf-959d-1ef01b8c37db","name":"pyspark"},"sensitive_attributes":[]}]},{"mode":"managed","type":"conveyor_package","name":"alerting","provider":"provider[\"registry.opentofu.org/datamindedbe/conveyor\"]","instances":[{"schema_version":0,"attributes":{"description":null,"git_repo":"https://github.com/datamindedbe/conveyor-samples","id":"dab2005b-2845-4c45-b514-a7b5de27a618","name":"alerting"},"sensitive_attributes":[]}]},{"mode":"managed","type":"conveyor_project","name":"pi_spark","provider":"provider[\"registry.opentofu.org/datamindedbe/conveyor\"]","instances":[{"schema_version":0,"attributes":{"default_iam_identity":"","default_ide_base_image_id":"48979e3c-2c88-455a-88af-fec92bb3b8ba","default_ide_config":[{"build_steps":[{"cmd":"sudo apt update\nsudo apt install make openjdk-11-jre gcc libbz2-dev openssl\\\n  libncurses5-dev libncursesw5-dev libssl-dev libreadline-dev liblzma-dev libsqlite3-dev -y\n","name":"setup env"}],"vscode_config":[{"extensions":[]}]}],"default_ide_environment_id":"4bcbe532-3b80-44b2-9469-5f8325526be8","description":"","git_repo":"https://github.com/datamindedbe/conveyor-samples","git_sub_folder":"basic/pi_spark","id":"8ad15027-88c1-44ac-9d2f-aa01c8dadcce","name":"pi_spark"},"sensitive_attributes":[],"private":"bnVsbA==","dependencies":["data.conveyor_environment.dev3"]}]}],"check_results":null}
